
Microsoft Visual Studio Solution File, Format Version 12.00
# Visual Studio Version 17
VisualStudioVersion = 17.11.35208.52
MinimumVisualStudioVersion = 10.0.40219.1
Project("{2150E333-8FDC-42A3-9474-1A3956D46DE8}") = "src", "src", "{8A98FED4-F993-46A7-8636-F511E6DB81A3}"
EndProject
Project("{2150E333-8FDC-42A3-9474-1A3956D46DE8}") = "tests", "tests", "{5B022B4F-24BA-4B8E-AE73-094E304B6CE6}"
EndProject
Project("{2150E333-8FDC-42A3-9474-1A3956D46DE8}") = "Application", "Application", "{1AC354B4-CEF5-4BCA-AB22-A8AB29C62A67}"
EndProject
Project("{9A19103F-16F7-4668-BE54-9A1E7A4F7556}") = "Campus.Application", "src\Application\Campus.Application\Campus.Application.csproj", "{2383B2F4-36D9-49DF-93BD-335F22FF422B}"
EndProject
Project("{9A19103F-16F7-4668-BE54-9A1E7A4F7556}") = "Campus.Application.Abstractions", "src\Application\Campus.Application.Abstractions\Campus.Application.Abstractions.csproj", "{EE545CC0-24C8-4262-959D-BEC1D7105E27}"
EndProject
Project("{2150E333-8FDC-42A3-9474-1A3956D46DE8}") = "Domain", "Domain", "{4FD0043C-600F-4252-BDD0-E2E6AB19D314}"
EndProject
Project("{9A19103F-16F7-4668-BE54-9A1E7A4F7556}") = "Campus.Domain", "src\Domain\Campus.Domain\Campus.Domain.csproj", "{D7449E04-45CD-45A0-88B2-4FF805ED29F1}"
EndProject
Project("{9A19103F-16F7-4668-BE54-9A1E7A4F7556}") = "Campus.Domain.Abstractions", "src\Domain\Campus.Domain.Abstractions\Campus.Domain.Abstractions.csproj", "{3D51F690-07AD-4883-B45B-AE7377DAB036}"
EndProject
Project("{2150E333-8FDC-42A3-9474-1A3956D46DE8}") = "Infrastructure", "Infrastructure", "{344DBD0B-CB37-44A0-BEA4-FC38F8D527F3}"
EndProject
Project("{9A19103F-16F7-4668-BE54-9A1E7A4F7556}") = "Campus.Infrastructure", "src\Infrastructure\Campus.Infrastructure\Campus.Infrastructure.csproj", "{19FBC132-54C0-4FAF-B9DF-8ED8DBC15B56}"
EndProject
Project("{9A19103F-16F7-4668-BE54-9A1E7A4F7556}") = "Campus.Infrastructure.Abstractions", "src\Infrastructure\Campus.Infrastructure.Abstractions\Campus.Infrastructure.Abstractions.csproj", "{160C09DA-BF42-46E0-8BE0-F72D7B81BD55}"
EndProject
Project("{2150E333-8FDC-42A3-9474-1A3956D46DE8}") = "Presentation", "Presentation", "{45B42DA4-8998-480D-91CF-91ECD0050296}"
EndProject
Project("{9A19103F-16F7-4668-BE54-9A1E7A4F7556}") = "Campus.Blazor.WebApp", "src\Presentation\Campus.Blazor.WebApp\Campus.Blazor.WebApp.csproj", "{8A80FC8D-652B-4D12-A0DA-EF1F99C2BC06}"
EndProject
Project("{9A19103F-16F7-4668-BE54-9A1E7A4F7556}") = "Campus.Api", "src\Presentation\Campus.Api\Campus.Api.csproj", "{9D65ECA4-4953-4546-BFAD-31928AAA2D92}"
EndProject
Project("{2150E333-8FDC-42A3-9474-1A3956D46DE8}") = "Application", "Application", "{3CB902A7-2CDB-4740-9C73-29F9B87C713E}"
EndProject
Project("{2150E333-8FDC-42A3-9474-1A3956D46DE8}") = "Domain", "Domain", "{3F0DE524-A749-4C1F-AA3E-A8FBD3074B78}"
EndProject
Project("{2150E333-8FDC-42A3-9474-1A3956D46DE8}") = "Infrastructure", "Infrastructure", "{FD6BC531-6471-4325-9DBD-EA568EDB0516}"
EndProject
Project("{2150E333-8FDC-42A3-9474-1A3956D46DE8}") = "Presentation", "Presentation", "{E7541248-A666-4187-B687-64439A0C93D4}"
EndProject
Project("{9A19103F-16F7-4668-BE54-9A1E7A4F7556}") = "Campus.Application.Abstractions.Tests", "tests\Application\Campus.Application.Abstractions.Tests\Campus.Application.Abstractions.Tests.csproj", "{49A78EEA-FE7A-443E-92CE-3B03C18E5549}"
EndProject
Project("{FAE04EC0-301F-11D3-BF4B-00C04F79EFBC}") = "Campus.Application.Tests", "tests\Application\Campus.Application.Tests\Campus.Application.Tests.csproj", "{7E69CC81-DFF6-4CE5-800F-DA00AB620022}"
EndProject
Project("{FAE04EC0-301F-11D3-BF4B-00C04F79EFBC}") = "Campus.Domain", "tests\Domain\Campus.Domain\Campus.Domain.csproj", "{1AFF1797-F496-48B2-AFAB-3719276884CF}"
EndProject
Project("{FAE04EC0-301F-11D3-BF4B-00C04F79EFBC}") = "Campus.Domain.Abstractions.Tests", "tests\Domain\Campus.Domain.Abstractions.Tests\Campus.Domain.Abstractions.Tests.csproj", "{5292565A-99BC-42DC-98F8-240F60785739}"
EndProject
Project("{FAE04EC0-301F-11D3-BF4B-00C04F79EFBC}") = "Campus.Infrastructure.Tests", "tests\Infrastructure\Campus.Infrastructure.Tests\Campus.Infrastructure.Tests.csproj", "{8303A521-C3C3-421B-ADA4-8F003EAA9C30}"
EndProject
Project("{FAE04EC0-301F-11D3-BF4B-00C04F79EFBC}") = "Campus.Infrastructure.Abstractions.Tests", "tests\Infrastructure\Campus.Infrastructure.Abstractions.Tests\Campus.Infrastructure.Abstractions.Tests.csproj", "{0B2BA674-8B4A-4ED4-B08E-FD1648F7774B}"
EndProject
Project("{FAE04EC0-301F-11D3-BF4B-00C04F79EFBC}") = "Campus.Api.Tests", "tests\Presentation\Campus.Api.Tests\Campus.Api.Tests.csproj", "{02CDB8E8-4326-4AED-8E02-76B62103F5A0}"
EndProject
Project("{FAE04EC0-301F-11D3-BF4B-00C04F79EFBC}") = "Campus.Blazor.WebApp.Tests", "tests\Presentation\Campus.Blazor.WebApp.Tests\Campus.Blazor.WebApp.Tests.csproj", "{B1602AD3-222C-442A-9247-EB59FF344F9D}"
EndProject
Global
	GlobalSection(SolutionConfigurationPlatforms) = preSolution
		Debug|Any CPU = Debug|Any CPU
		Release|Any CPU = Release|Any CPU
	EndGlobalSection
	GlobalSection(ProjectConfigurationPlatforms) = postSolution
		{2383B2F4-36D9-49DF-93BD-335F22FF422B}.Debug|Any CPU.ActiveCfg = Debug|Any CPU
		{2383B2F4-36D9-49DF-93BD-335F22FF422B}.Debug|Any CPU.Build.0 = Debug|Any CPU
		{2383B2F4-36D9-49DF-93BD-335F22FF422B}.Release|Any CPU.ActiveCfg = Release|Any CPU
		{2383B2F4-36D9-49DF-93BD-335F22FF422B}.Release|Any CPU.Build.0 = Release|Any CPU
		{EE545CC0-24C8-4262-959D-BEC1D7105E27}.Debug|Any CPU.ActiveCfg = Debug|Any CPU
		{EE545CC0-24C8-4262-959D-BEC1D7105E27}.Debug|Any CPU.Build.0 = Debug|Any CPU
		{EE545CC0-24C8-4262-959D-BEC1D7105E27}.Release|Any CPU.ActiveCfg = Release|Any CPU
		{EE545CC0-24C8-4262-959D-BEC1D7105E27}.Release|Any CPU.Build.0 = Release|Any CPU
		{D7449E04-45CD-45A0-88B2-4FF805ED29F1}.Debug|Any CPU.ActiveCfg = Debug|Any CPU
		{D7449E04-45CD-45A0-88B2-4FF805ED29F1}.Debug|Any CPU.Build.0 = Debug|Any CPU
		{D7449E04-45CD-45A0-88B2-4FF805ED29F1}.Release|Any CPU.ActiveCfg = Release|Any CPU
		{D7449E04-45CD-45A0-88B2-4FF805ED29F1}.Release|Any CPU.Build.0 = Release|Any CPU
		{3D51F690-07AD-4883-B45B-AE7377DAB036}.Debug|Any CPU.ActiveCfg = Debug|Any CPU
		{3D51F690-07AD-4883-B45B-AE7377DAB036}.Debug|Any CPU.Build.0 = Debug|Any CPU
		{3D51F690-07AD-4883-B45B-AE7377DAB036}.Release|Any CPU.ActiveCfg = Release|Any CPU
		{3D51F690-07AD-4883-B45B-AE7377DAB036}.Release|Any CPU.Build.0 = Release|Any CPU
		{19FBC132-54C0-4FAF-B9DF-8ED8DBC15B56}.Debug|Any CPU.ActiveCfg = Debug|Any CPU
		{19FBC132-54C0-4FAF-B9DF-8ED8DBC15B56}.Debug|Any CPU.Build.0 = Debug|Any CPU
		{19FBC132-54C0-4FAF-B9DF-8ED8DBC15B56}.Release|Any CPU.ActiveCfg = Release|Any CPU
		{19FBC132-54C0-4FAF-B9DF-8ED8DBC15B56}.Release|Any CPU.Build.0 = Release|Any CPU
		{160C09DA-BF42-46E0-8BE0-F72D7B81BD55}.Debug|Any CPU.ActiveCfg = Debug|Any CPU
		{160C09DA-BF42-46E0-8BE0-F72D7B81BD55}.Debug|Any CPU.Build.0 = Debug|Any CPU
		{160C09DA-BF42-46E0-8BE0-F72D7B81BD55}.Release|Any CPU.ActiveCfg = Release|Any CPU
		{160C09DA-BF42-46E0-8BE0-F72D7B81BD55}.Release|Any CPU.Build.0 = Release|Any CPU
		{8A80FC8D-652B-4D12-A0DA-EF1F99C2BC06}.Debug|Any CPU.ActiveCfg = Debug|Any CPU
		{8A80FC8D-652B-4D12-A0DA-EF1F99C2BC06}.Debug|Any CPU.Build.0 = Debug|Any CPU
		{8A80FC8D-652B-4D12-A0DA-EF1F99C2BC06}.Release|Any CPU.ActiveCfg = Release|Any CPU
		{8A80FC8D-652B-4D12-A0DA-EF1F99C2BC06}.Release|Any CPU.Build.0 = Release|Any CPU
		{9D65ECA4-4953-4546-BFAD-31928AAA2D92}.Debug|Any CPU.ActiveCfg = Debug|Any CPU
		{9D65ECA4-4953-4546-BFAD-31928AAA2D92}.Debug|Any CPU.Build.0 = Debug|Any CPU
		{9D65ECA4-4953-4546-BFAD-31928AAA2D92}.Release|Any CPU.ActiveCfg = Release|Any CPU
		{9D65ECA4-4953-4546-BFAD-31928AAA2D92}.Release|Any CPU.Build.0 = Release|Any CPU
		{49A78EEA-FE7A-443E-92CE-3B03C18E5549}.Debug|Any CPU.ActiveCfg = Debug|Any CPU
		{49A78EEA-FE7A-443E-92CE-3B03C18E5549}.Debug|Any CPU.Build.0 = Debug|Any CPU
		{49A78EEA-FE7A-443E-92CE-3B03C18E5549}.Release|Any CPU.ActiveCfg = Release|Any CPU
		{49A78EEA-FE7A-443E-92CE-3B03C18E5549}.Release|Any CPU.Build.0 = Release|Any CPU
		{7E69CC81-DFF6-4CE5-800F-DA00AB620022}.Debug|Any CPU.ActiveCfg = Debug|Any CPU
		{7E69CC81-DFF6-4CE5-800F-DA00AB620022}.Debug|Any CPU.Build.0 = Debug|Any CPU
		{7E69CC81-DFF6-4CE5-800F-DA00AB620022}.Release|Any CPU.ActiveCfg = Release|Any CPU
		{7E69CC81-DFF6-4CE5-800F-DA00AB620022}.Release|Any CPU.Build.0 = Release|Any CPU
		{1AFF1797-F496-48B2-AFAB-3719276884CF}.Debug|Any CPU.ActiveCfg = Debug|Any CPU
		{1AFF1797-F496-48B2-AFAB-3719276884CF}.Debug|Any CPU.Build.0 = Debug|Any CPU
		{1AFF1797-F496-48B2-AFAB-3719276884CF}.Release|Any CPU.ActiveCfg = Release|Any CPU
		{1AFF1797-F496-48B2-AFAB-3719276884CF}.Release|Any CPU.Build.0 = Release|Any CPU
		{5292565A-99BC-42DC-98F8-240F60785739}.Debug|Any CPU.ActiveCfg = Debug|Any CPU
		{5292565A-99BC-42DC-98F8-240F60785739}.Debug|Any CPU.Build.0 = Debug|Any CPU
		{5292565A-99BC-42DC-98F8-240F60785739}.Release|Any CPU.ActiveCfg = Release|Any CPU
		{5292565A-99BC-42DC-98F8-240F60785739}.Release|Any CPU.Build.0 = Release|Any CPU
		{8303A521-C3C3-421B-ADA4-8F003EAA9C30}.Debug|Any CPU.ActiveCfg = Debug|Any CPU
		{8303A521-C3C3-421B-ADA4-8F003EAA9C30}.Debug|Any CPU.Build.0 = Debug|Any CPU
		{8303A521-C3C3-421B-ADA4-8F003EAA9C30}.Release|Any CPU.ActiveCfg = Release|Any CPU
		{8303A521-C3C3-421B-ADA4-8F003EAA9C30}.Release|Any CPU.Build.0 = Release|Any CPU
		{0B2BA674-8B4A-4ED4-B08E-FD1648F7774B}.Debug|Any CPU.ActiveCfg = Debug|Any CPU
		{0B2BA674-8B4A-4ED4-B08E-FD1648F7774B}.Debug|Any CPU.Build.0 = Debug|Any CPU
		{0B2BA674-8B4A-4ED4-B08E-FD1648F7774B}.Release|Any CPU.ActiveCfg = Release|Any CPU
		{0B2BA674-8B4A-4ED4-B08E-FD1648F7774B}.Release|Any CPU.Build.0 = Release|Any CPU
		{02CDB8E8-4326-4AED-8E02-76B62103F5A0}.Debug|Any CPU.ActiveCfg = Debug|Any CPU
		{02CDB8E8-4326-4AED-8E02-76B62103F5A0}.Debug|Any CPU.Build.0 = Debug|Any CPU
		{02CDB8E8-4326-4AED-8E02-76B62103F5A0}.Release|Any CPU.ActiveCfg = Release|Any CPU
		{02CDB8E8-4326-4AED-8E02-76B62103F5A0}.Release|Any CPU.Build.0 = Release|Any CPU
		{B1602AD3-222C-442A-9247-EB59FF344F9D}.Debug|Any CPU.ActiveCfg = Debug|Any CPU
		{B1602AD3-222C-442A-9247-EB59FF344F9D}.Debug|Any CPU.Build.0 = Debug|Any CPU
		{B1602AD3-222C-442A-9247-EB59FF344F9D}.Release|Any CPU.ActiveCfg = Release|Any CPU
		{B1602AD3-222C-442A-9247-EB59FF344F9D}.Release|Any CPU.Build.0 = Release|Any CPU
	EndGlobalSection
	GlobalSection(SolutionProperties) = preSolution
		HideSolutionNode = FALSE
	EndGlobalSection
	GlobalSection(NestedProjects) = preSolution
		{1AC354B4-CEF5-4BCA-AB22-A8AB29C62A67} = {8A98FED4-F993-46A7-8636-F511E6DB81A3}
		{2383B2F4-36D9-49DF-93BD-335F22FF422B} = {1AC354B4-CEF5-4BCA-AB22-A8AB29C62A67}
		{EE545CC0-24C8-4262-959D-BEC1D7105E27} = {1AC354B4-CEF5-4BCA-AB22-A8AB29C62A67}
		{4FD0043C-600F-4252-BDD0-E2E6AB19D314} = {8A98FED4-F993-46A7-8636-F511E6DB81A3}
		{D7449E04-45CD-45A0-88B2-4FF805ED29F1} = {4FD0043C-600F-4252-BDD0-E2E6AB19D314}
		{3D51F690-07AD-4883-B45B-AE7377DAB036} = {4FD0043C-600F-4252-BDD0-E2E6AB19D314}
		{344DBD0B-CB37-44A0-BEA4-FC38F8D527F3} = {8A98FED4-F993-46A7-8636-F511E6DB81A3}
		{19FBC132-54C0-4FAF-B9DF-8ED8DBC15B56} = {344DBD0B-CB37-44A0-BEA4-FC38F8D527F3}
		{160C09DA-BF42-46E0-8BE0-F72D7B81BD55} = {344DBD0B-CB37-44A0-BEA4-FC38F8D527F3}
		{45B42DA4-8998-480D-91CF-91ECD0050296} = {8A98FED4-F993-46A7-8636-F511E6DB81A3}
		{8A80FC8D-652B-4D12-A0DA-EF1F99C2BC06} = {45B42DA4-8998-480D-91CF-91ECD0050296}
		{9D65ECA4-4953-4546-BFAD-31928AAA2D92} = {45B42DA4-8998-480D-91CF-91ECD0050296}
		{3CB902A7-2CDB-4740-9C73-29F9B87C713E} = {5B022B4F-24BA-4B8E-AE73-094E304B6CE6}
		{3F0DE524-A749-4C1F-AA3E-A8FBD3074B78} = {5B022B4F-24BA-4B8E-AE73-094E304B6CE6}
		{FD6BC531-6471-4325-9DBD-EA568EDB0516} = {5B022B4F-24BA-4B8E-AE73-094E304B6CE6}
		{E7541248-A666-4187-B687-64439A0C93D4} = {5B022B4F-24BA-4B8E-AE73-094E304B6CE6}
		{49A78EEA-FE7A-443E-92CE-3B03C18E5549} = {3CB902A7-2CDB-4740-9C73-29F9B87C713E}
		{7E69CC81-DFF6-4CE5-800F-DA00AB620022} = {3CB902A7-2CDB-4740-9C73-29F9B87C713E}
		{1AFF1797-F496-48B2-AFAB-3719276884CF} = {3F0DE524-A749-4C1F-AA3E-A8FBD3074B78}
		{5292565A-99BC-42DC-98F8-240F60785739} = {3F0DE524-A749-4C1F-AA3E-A8FBD3074B78}
		{8303A521-C3C3-421B-ADA4-8F003EAA9C30} = {FD6BC531-6471-4325-9DBD-EA568EDB0516}
		{0B2BA674-8B4A-4ED4-B08E-FD1648F7774B} = {FD6BC531-6471-4325-9DBD-EA568EDB0516}
		{02CDB8E8-4326-4AED-8E02-76B62103F5A0} = {E7541248-A666-4187-B687-64439A0C93D4}
		{B1602AD3-222C-442A-9247-EB59FF344F9D} = {E7541248-A666-4187-B687-64439A0C93D4}
	EndGlobalSection
	GlobalSection(ExtensibilityGlobals) = postSolution
		SolutionGuid = {33629C3E-86DB-4C3E-B401-D6641CD05BB0}
	EndGlobalSection
EndGlobal
